// !$*UTF8*$!
{
	archiveVersion = 1;
	classes = {
	};
	objectVersion = 50;
	objects = {

/* Begin PBXBuildFile section */
		5C69377A20C3ED5400561176 /* AddController.swift in Sources */ = {isa = PBXBuildFile; fileRef = 5C69377920C3ED5400561176 /* AddController.swift */; };
		5C69377C20C3EF6F00561176 /* Constants.swift in Sources */ = {isa = PBXBuildFile; fileRef = 5C69377B20C3EF6F00561176 /* Constants.swift */; };
		5CD7E9F220B9973400D2B33F /* AppDelegate.swift in Sources */ = {isa = PBXBuildFile; fileRef = 5CD7E9F120B9973400D2B33F /* AppDelegate.swift */; };
		5CD7E9F420B9973400D2B33F /* ViewController.swift in Sources */ = {isa = PBXBuildFile; fileRef = 5CD7E9F320B9973400D2B33F /* ViewController.swift */; };
		5CD7E9F720B9973400D2B33F /* Main.storyboard in Resources */ = {isa = PBXBuildFile; fileRef = 5CD7E9F520B9973400D2B33F /* Main.storyboard */; };
		5CD7E9FA20B9973400D2B33F /* Todo_list.xcdatamodeld in Sources */ = {isa = PBXBuildFile; fileRef = 5CD7E9F820B9973400D2B33F /* Todo_list.xcdatamodeld */; };
		5CD7E9FC20B9973600D2B33F /* Assets.xcassets in Resources */ = {isa = PBXBuildFile; fileRef = 5CD7E9FB20B9973600D2B33F /* Assets.xcassets */; };
		5CD7E9FF20B9973600D2B33F /* LaunchScreen.storyboard in Resources */ = {isa = PBXBuildFile; fileRef = 5CD7E9FD20B9973600D2B33F /* LaunchScreen.storyboard */; };
/* End PBXBuildFile section */

/* Begin PBXFileReference section */
		5C69377920C3ED5400561176 /* AddController.swift */ = {isa = PBXFileReference; lastKnownFileType = sourcecode.swift; path = AddController.swift; sourceTree = "<group>"; };
		5C69377B20C3EF6F00561176 /* Constants.swift */ = {isa = PBXFileReference; lastKnownFileType = sourcecode.swift; path = Constants.swift; sourceTree = "<group>"; };
		5CD7E9EE20B9973400D2B33F /* Todo-list.app */ = {isa = PBXFileReference; explicitFileType = wrapper.application; includeInIndex = 0; path = "Todo-list.app"; sourceTree = BUILT_PRODUCTS_DIR; };
		5CD7E9F120B9973400D2B33F /* AppDelegate.swift */ = {isa = PBXFileReference; lastKnownFileType = sourcecode.swift; path = AppDelegate.swift; sourceTree = "<group>"; };
		5CD7E9F320B9973400D2B33F /* ViewController.swift */ = {isa = PBXFileReference; lastKnownFileType = sourcecode.swift; path = ViewController.swift; sourceTree = "<group>"; };
		5CD7E9F620B9973400D2B33F /* Base */ = {isa = PBXFileReference; lastKnownFileType = file.storyboard; name = Base; path = Base.lproj/Main.storyboard; sourceTree = "<group>"; };
		5CD7E9F920B9973400D2B33F /* Todo_list.xcdatamodel */ = {isa = PBXFileReference; lastKnownFileType = wrapper.xcdatamodel; path = Todo_list.xcdatamodel; sourceTree = "<group>"; };
		5CD7E9FB20B9973600D2B33F /* Assets.xcassets */ = {isa = PBXFileReference; lastKnownFileType = folder.assetcatalog; path = Assets.xcassets; sourceTree = "<group>"; };
		5CD7E9FE20B9973600D2B33F /* Base */ = {isa = PBXFileReference; lastKnownFileType = file.storyboard; name = Base; path = Base.lproj/LaunchScreen.storyboard; sourceTree = "<group>"; };
		5CD7EA0020B9973600D2B33F /* Info.plist */ = {isa = PBXFileReference; lastKnownFileType = text.plist.xml; path = Info.plist; sourceTree = "<group>"; };
/* End PBXFileReference section */

/* Begin PBXFrameworksBuildPhase section */
		5CD7E9EB20B9973400D2B33F /* Frameworks */ = {
			isa = PBXFrameworksBuildPhase;
			buildActionMask = 2147483647;
			files = (
			);
			runOnlyForDeploymentPostprocessing = 0;
		};
/* End PBXFrameworksBuildPhase section */

/* Begin PBXGroup section */
		5CD7E9E520B9973400D2B33F = {
			isa = PBXGroup;
			children = (
				5CD7E9F020B9973400D2B33F /* Todo-list */,
				5CD7E9EF20B9973400D2B33F /* Products */,
			);
			sourceTree = "<group>";
		};
		5CD7E9EF20B9973400D2B33F /* Products */ = {
			isa = PBXGroup;
			children = (
				5CD7E9EE20B9973400D2B33F /* Todo-list.app */,
			);
			name = Products;
			sourceTree = "<group>";
		};
		5CD7E9F020B9973400D2B33F /* Todo-list */ = {
			isa = PBXGroup;
			children = (
				5CD7E9F120B9973400D2B33F /* AppDelegate.swift */,
				5CD7E9F320B9973400D2B33F /* ViewController.swift */,
				5C69377920C3ED5400561176 /* AddController.swift */,
				5CD7E9F520B9973400D2B33F /* Main.storyboard */,
				5CD7E9FB20B9973600D2B33F /* Assets.xcassets */,
				5CD7E9FD20B9973600D2B33F /* LaunchScreen.storyboard */,
				5CD7EA0020B9973600D2B33F /* Info.plist */,
				5CD7E9F820B9973400D2B33F /* Todo_list.xcdatamodeld */,
				5C69377B20C3EF6F00561176 /* Constants.swift */,
			);
			path = "Todo-list";
			sourceTree = "<group>";
		};
/* End PBXGroup section */

/* Begin PBXNativeTarget section */
		5CD7E9ED20B9973400D2B33F /* Todo-list */ = {
			isa = PBXNativeTarget;
			buildConfigurationList = 5CD7EA0320B9973600D2B33F /* Build configuration list for PBXNativeTarget "Todo-list" */;
			buildPhases = (
				5CD7E9EA20B9973400D2B33F /* Sources */,
				5CD7E9EB20B9973400D2B33F /* Frameworks */,
				5CD7E9EC20B9973400D2B33F /* Resources */,
			);
			buildRules = (
			);
			dependencies = (
			);
			name = "Todo-list";
			productName = "Todo-list";
			productReference = 5CD7E9EE20B9973400D2B33F /* Todo-list.app */;
			productType = "com.apple.product-type.application";
		};
/* End PBXNativeTarget section */

/* Begin PBXProject section */
		5CD7E9E620B9973400D2B33F /* Project object */ = {
			isa = PBXProject;
			attributes = {
				LastSwiftUpdateCheck = 0930;
				LastUpgradeCheck = 0930;
				ORGANIZATIONNAME = "Hament Choudhary";
				TargetAttributes = {
					5CD7E9ED20B9973400D2B33F = {
						CreatedOnToolsVersion = 9.3;
					};
				};
			};
			buildConfigurationList = 5CD7E9E920B9973400D2B33F /* Build configuration list for PBXProject "Todo-list" */;
			compatibilityVersion = "Xcode 9.3";
			developmentRegion = en;
			hasScannedForEncodings = 0;
			knownRegions = (
				en,
				Base,
			);
			mainGroup = 5CD7E9E520B9973400D2B33F;
			productRefGroup = 5CD7E9EF20B9973400D2B33F /* Products */;
			projectDirPath = "";
			projectRoot = "";
			targets = (
				5CD7E9ED20B9973400D2B33F /* Todo-list */,
			);
		};
/* End PBXProject section */

/* Begin PBXResourcesBuildPhase section */
		5CD7E9EC20B9973400D2B33F /* Resources */ = {
			isa = PBXResourcesBuildPhase;
			buildActionMask = 2147483647;
			files = (
				5CD7E9FF20B9973600D2B33F /* LaunchScreen.storyboard in Resources */,
				5CD7E9FC20B9973600D2B33F /* Assets.xcassets in Resources */,
				5CD7E9F720B9973400D2B33F /* Main.storyboard in Resources */,
			);
			runOnlyForDeploymentPostprocessing = 0;
		};
/* End PBXResourcesBuildPhase section */

/* Begin PBXSourcesBuildPhase section */
		5CD7E9EA20B9973400D2B33F /* Sources */ = {
			isa = PBXSourcesBuildPhase;
			buildActionMask = 2147483647;
			files = (
				5C69377C20C3EF6F00561176 /* Constants.swift in Sources */,
				5CD7E9FA20B9973400D2B33F /* Todo_list.xcdatamodeld in Sources */,
				5CD7E9F420B9973400D2B33F /* ViewController.swift in Sources */,
				5CD7E9F220B9973400D2B33F /* AppDelegate.swift in Sources */,
				5C69377A20C3ED5400561176 /* AddController.swift in Sources */,
			);
			runOnlyForDeploymentPostprocessing = 0;
		};
/* End PBXSourcesBuildPhase section */

/* Begin PBXVariantGroup section */
		5CD7E9F520B9973400D2B33F /* Main.storyboard */ = {
			isa = PBXVariantGroup;
			children = (
				5CD7E9F620B9973400D2B33F /* Base */,
			);
			name = Main.storyboard;
			sourceTree = "<group>";
		};
		5CD7E9FD20B9973600D2B33F /* LaunchScreen.storyboard */ = {
			isa = PBXVariantGroup;
			children = (
				5CD7E9FE20B9973600D2B33F /* Base */,
			);
			name = LaunchScreen.storyboard;
			sourceTree = "<group>";
		};
/* End PBXVariantGroup section */

/* Begin XCBuildConfiguration section */
		5CD7EA0120B9973600D2B33F /* Debug */ = {
			isa = XCBuildConfiguration;
			buildSettings = {
				ALWAYS_SEARCH_USER_PATHS = NO;
				CLANG_ANALYZER_NONNULL = YES;
				CLANG_ANALYZER_NUMBER_OBJECT_CONVERSION = YES_AGGRESSIVE;
				CLANG_CXX_LANGUAGE_STANDARD = "gnu++14";
				CLANG_CXX_LIBRARY = "libc++";
				CLANG_ENABLE_MODULES = YES;
				CLANG_ENABLE_OBJC_ARC = YES;
				CLANG_ENABLE_OBJC_WEAK = YES;
				CLANG_WARN_BLOCK_CAPTURE_AUTORELEASING = YES;
				CLANG_WARN_BOOL_CONVERSION = YES;
				CLANG_WARN_COMMA = YES;
				CLANG_WARN_CONSTANT_CONVERSION = YES;
				CLANG_WARN_DEPRECATED_OBJC_IMPLEMENTATIONS = YES;
				CLANG_WARN_DIRECT_OBJC_ISA_USAGE = YES_ERROR;
				CLANG_WARN_DOCUMENTATION_COMMENTS = YES;
				CLANG_WARN_EMPTY_BODY = YES;
				CLANG_WARN_ENUM_CONVERSION = YES;
				CLANG_WARN_INFINITE_RECURSION = YES;
				CLANG_WARN_INT_CONVERSION = YES;
				CLANG_WARN_NON_LITERAL_NULL_CONVERSION = YES;
				CLANG_WARN_OBJC_IMPLICIT_RETAIN_SELF = YES;
				CLANG_WARN_OBJC_LITERAL_CONVERSION = YES;
				CLANG_WARN_OBJC_ROOT_CLASS = YES_ERROR;
				CLANG_WARN_RANGE_LOOP_ANALYSIS = YES;
				CLANG_WARN_STRICT_PROTOTYPES = YES;
				CLANG_WARN_SUSPICIOUS_MOVE = YES;
				CLANG_WARN_UNGUARDED_AVAILABILITY = YES_AGGRESSIVE;
				CLANG_WARN_UNREACHABLE_CODE = YES;
				CLANG_WARN__DUPLICATE_METHOD_MATCH = YES;
				CODE_SIGN_IDENTITY = "iPhone Developer";
				COPY_PHASE_STRIP = NO;
				DEBUG_INFORMATION_FORMAT = dwarf;
				ENABLE_STRICT_OBJC_MSGSEND = YES;
				ENABLE_TESTABILITY = YES;
				GCC_C_LANGUAGE_STANDARD = gnu11;
				GCC_DYNAMIC_NO_PIC = NO;
				GCC_NO_COMMON_BLOCKS = YES;
				GCC_OPTIMIZATION_LEVEL = 0;
				GCC_PREPROCESSOR_DEFINITIONS = (
					"DEBUG=1",
					"$(inherited)",
				);
				GCC_WARN_64_TO_32_BIT_CONVERSION = YES;
				GCC_WARN_ABOUT_RETURN_TYPE = YES_ERROR;
				GCC_WARN_UNDECLARED_SELECTOR = YES;
				GCC_WARN_UNINITIALIZED_AUTOS = YES_AGGRESSIVE;
				GCC_WARN_UNUSED_FUNCTION = YES;
				GCC_WARN_UNUSED_VARIABLE = YES;
				IPHONEOS_DEPLOYMENT_TARGET = 11.3;
				MTL_ENABLE_DEBUG_INFO = YES;
				ONLY_ACTIVE_ARCH = YES;
				SDKROOT = iphoneos;
				SWIFT_ACTIVE_COMPILATION_CONDITIONS = DEBUG;
				SWIFT_OPTIMIZATION_LEVEL = "-Onone";
			};
			name = Debug;
		};
		5CD7EA0220B9973600D2B33F /* Release */ = {
			isa = XCBuildConfiguration;
			buildSettings = {
				ALWAYS_SEARCH_USER_PATHS = NO;
				CLANG_ANALYZER_NONNULL = YES;
				CLANG_ANALYZER_NUMBER_OBJECT_CONVERSION = YES_AGGRESSIVE;
				CLANG_CXX_LANGUAGE_STANDARD = "gnu++14";
				CLANG_CXX_LIBRARY = "libc++";
				CLANG_ENABLE_MODULES = YES;
				CLANG_ENABLE_OBJC_ARC = YES;
				CLANG_ENABLE_OBJC_WEAK = YES;
				CLANG_WARN_BLOCK_CAPTURE_AUTORELEASING = YES;
				CLANG_WARN_BOOL_CONVERSION = YES;
				CLANG_WARN_COMMA = YES;
				CLANG_WARN_CONSTANT_CONVERSION = YES;
				CLANG_WARN_DEPRECATED_OBJC_IMPLEMENTATIONS = YES;
				CLANG_WARN_DIRECT_OBJC_ISA_USAGE = YES_ERROR;
				CLANG_WARN_DOCUMENTATION_COMMENTS = YES;
				CLANG_WARN_EMPTY_BODY = YES;
				CLANG_WARN_ENUM_CONVERSION = YES;
				CLANG_WARN_INFINITE_RECURSION = YES;
				CLANG_WARN_INT_CONVERSION = YES;
				CLANG_WARN_NON_LITERAL_NULL_CONVERSION = YES;
				CLANG_WARN_OBJC_IMPLICIT_RETAIN_SELF = YES;
				CLANG_WARN_OBJC_LITERAL_CONVERSION = YES;
				CLANG_WARN_OBJC_ROOT_CLASS = YES_ERROR;
				CLANG_WARN_RANGE_LOOP_ANALYSIS = YES;
				CLANG_WARN_STRICT_PROTOTYPES = YES;
				CLANG_WARN_SUSPICIOUS_MOVE = YES;
				CLANG_WARN_UNGUARDED_AVAILABILITY = YES_AGGRESSIVE;
				CLANG_WARN_UNREACHABLE_CODE = YES;
				CLANG_WARN__DUPLICATE_METHOD_MATCH = YES;
				CODE_SIGN_IDENTITY = "iPhone Developer";
				COPY_PHASE_STRIP = NO;
				DEBUG_INFORMATION_FORMAT = "dwarf-with-dsym";
				ENABLE_NS_ASSERTIONS = NO;
				ENABLE_STRICT_OBJC_MSGSEND = YES;
				GCC_C_LANGUAGE_STANDARD = gnu11;
				GCC_NO_COMMON_BLOCKS = YES;
				GCC_WARN_64_TO_32_BIT_CONVERSION = YES;
				GCC_WARN_ABOUT_RETURN_TYPE = YES_ERROR;
				GCC_WARN_UNDECLARED_SELECTOR = YES;
				GCC_WARN_UNINITIALIZED_AUTOS = YES_AGGRESSIVE;
				GCC_WARN_UNUSED_FUNCTION = YES;
				GCC_WARN_UNUSED_VARIABLE = YES;
				IPHONEOS_DEPLOYMENT_TARGET = 11.3;
				MTL_ENABLE_DEBUG_INFO = NO;
				SDKROOT = iphoneos;
				SWIFT_COMPILATION_MODE = wholemodule;
				SWIFT_OPTIMIZATION_LEVEL = "-O";
				VALIDATE_PRODUCT = YES;
			};
			name = Release;
		};
		5CD7EA0420B9973600D2B33F /* Debug */ = {
			isa = XCBuildConfiguration;
			buildSettings = {
				ASSETCATALOG_COMPILER_APPICON_NAME = AppIcon;
				CODE_SIGN_STYLE = Automatic;
				DEVELOPMENT_TEAM = SSQ247D66N;
				INFOPLIST_FILE = "Todo-list/Info.plist";
				LD_RUNPATH_SEARCH_PATHS = (
					"$(inherited)",
					"@executable_path/Frameworks",
				);
				PRODUCT_BUNDLE_IDENTIFIER = "com.hament.hawk.Todo-list";
				PRODUCT_NAME = "$(TARGET_NAME)";
				SWIFT_VERSION = 4.0;
				TARGETED_DEVICE_FAMILY = "1,2";
			};
			name = Debug;
		};
		5CD7EA0520B9973600D2B33F /* Release */ = {
			isa = XCBuildConfiguration;
			buildSettings = {
				ASSETCATALOG_COMPILER_APPICON_NAME = AppIcon;
				CODE_SIGN_STYLE = Automatic;
				DEVELOPMENT_TEAM = SSQ247D66N;
				INFOPLIST_FILE = "Todo-list/Info.plist";
				LD_RUNPATH_SEARCH_PATHS = (
					"$(inherited)",
					"@executable_path/Frameworks",
				);
				PRODUCT_BUNDLE_IDENTIFIER = "com.hament.hawk.Todo-list";
				PRODUCT_NAME = "$(TARGET_NAME)";
				SWIFT_VERSION = 4.0;
				TARGETED_DEVICE_FAMILY = "1,2";
			};
			name = Release;
		};
/* End XCBuildConfiguration section */

/* Begin XCConfigurationList section */
		5CD7E9E920B9973400D2B33F /* Build configuration list for PBXProject "Todo-list" */ = {
			isa = XCConfigurationList;
			buildConfigurations = (
				5CD7EA0120B9973600D2B33F /* Debug */,
				5CD7EA0220B9973600D2B33F /* Release */,
			);
			defaultConfigurationIsVisible = 0;
			defaultConfigurationName = Release;
		};
		5CD7EA0320B9973600D2B33F /* Build configuration list for PBXNativeTarget "Todo-list" */ = {
			isa = XCConfigurationList;
			buildConfigurations = (
				5CD7EA0420B9973600D2B33F /* Debug */,
				5CD7EA0520B9973600D2B33F /* Release */,
			);
			defaultConfigurationIsVisible = 0;
			defaultConfigurationName = Release;
		};
/* End XCConfigurationList section */

/* Begin XCVersionGroup section */
		5CD7E9F820B9973400D2B33F /* Todo_list.xcdatamodeld */ = {
			isa = XCVersionGroup;
			children = (
				5CD7E9F920B9973400D2B33F /* Todo_list.xcdatamodel */,
			);
			currentVersion = 5CD7E9F920B9973400D2B33F /* Todo_list.xcdatamodel */;
			path = Todo_list.xcdatamodeld;
			sourceTree = "<group>";
			versionGroupType = wrapper.xcdatamodel;
		};
/* End XCVersionGroup section */
	};
	rootObject = 5CD7E9E620B9973400D2B33F /* Project object */;
}
